
Microsoft Visual Studio Solution File, Format Version 12.00
# Visual Studio Version 17
VisualStudioVersion = 17.11.35303.130
MinimumVisualStudioVersion = 10.0.40219.1
Project("{FAE04EC0-301F-11D3-BF4B-00C04F79EFBC}") = "LabExerciseWeek7", "LabExerciseWeek7\LabExerciseWeek7.csproj", "{332CC801-FE3E-45D3-A90E-39D8F6FAE5E1}"
EndProject
Global
	GlobalSection(SolutionConfigurationPlatforms) = preSolution
		Debug|Any CPU = Debug|Any CPU
		Release|Any CPU = Release|Any CPU
	EndGlobalSection
	GlobalSection(ProjectConfigurationPlatforms) = postSolution
		{332CC801-FE3E-45D3-A90E-39D8F6FAE5E1}.Debug|Any CPU.ActiveCfg = Debug|Any CPU
		{332CC801-FE3E-45D3-A90E-39D8F6FAE5E1}.Debug|Any CPU.Build.0 = Debug|Any CPU
		{332CC801-FE3E-45D3-A90E-39D8F6FAE5E1}.Release|Any CPU.ActiveCfg = Release|Any CPU
		{332CC801-FE3E-45D3-A90E-39D8F6FAE5E1}.Release|Any CPU.Build.0 = Release|Any CPU
	EndGlobalSection
	GlobalSection(SolutionProperties) = preSolution
		HideSolutionNode = FALSE
	EndGlobalSection
	GlobalSection(ExtensibilityGlobals) = postSolution
		SolutionGuid = {6945F065-E262-4873-849B-83B05B3329F4}
	EndGlobalSection
EndGlobal
