
Microsoft Visual Studio Solution File, Format Version 12.00
# Visual Studio Version 17
VisualStudioVersion = 17.11.35303.130
MinimumVisualStudioVersion = 10.0.40219.1
Project("{FAE04EC0-301F-11D3-BF4B-00C04F79EFBC}") = "WindowsFormsApp1", "WindowsFormsApp1\WindowsFormsApp1.csproj", "{FDEDB9C9-8A10-4BCF-84BE-208DE068EA4D}"
EndProject
Global
	GlobalSection(SolutionConfigurationPlatforms) = preSolution
		Debug|Any CPU = Debug|Any CPU
		Release|Any CPU = Release|Any CPU
	EndGlobalSection
	GlobalSection(ProjectConfigurationPlatforms) = postSolution
		{FDEDB9C9-8A10-4BCF-84BE-208DE068EA4D}.Debug|Any CPU.ActiveCfg = Debug|Any CPU
		{FDEDB9C9-8A10-4BCF-84BE-208DE068EA4D}.Debug|Any CPU.Build.0 = Debug|Any CPU
		{FDEDB9C9-8A10-4BCF-84BE-208DE068EA4D}.Release|Any CPU.ActiveCfg = Release|Any CPU
		{FDEDB9C9-8A10-4BCF-84BE-208DE068EA4D}.Release|Any CPU.Build.0 = Release|Any CPU
	EndGlobalSection
	GlobalSection(SolutionProperties) = preSolution
		HideSolutionNode = FALSE
	EndGlobalSection
	GlobalSection(ExtensibilityGlobals) = postSolution
		SolutionGuid = {5D21DFAF-49AC-4304-9D5B-8DD4A1E53EC2}
	EndGlobalSection
EndGlobal
