
Microsoft Visual Studio Solution File, Format Version 12.00
# Visual Studio Version 17
VisualStudioVersion = 17.11.35303.130
MinimumVisualStudioVersion = 10.0.40219.1
Project("{FAE04EC0-301F-11D3-BF4B-00C04F79EFBC}") = "OutOfSorts", "OutOfSorts\OutOfSorts.csproj", "{49CC3048-C489-4302-A297-F312FBE80FDB}"
EndProject
Global
	GlobalSection(SolutionConfigurationPlatforms) = preSolution
		Debug|Any CPU = Debug|Any CPU
		Release|Any CPU = Release|Any CPU
	EndGlobalSection
	GlobalSection(ProjectConfigurationPlatforms) = postSolution
		{49CC3048-C489-4302-A297-F312FBE80FDB}.Debug|Any CPU.ActiveCfg = Debug|Any CPU
		{49CC3048-C489-4302-A297-F312FBE80FDB}.Debug|Any CPU.Build.0 = Debug|Any CPU
		{49CC3048-C489-4302-A297-F312FBE80FDB}.Release|Any CPU.ActiveCfg = Release|Any CPU
		{49CC3048-C489-4302-A297-F312FBE80FDB}.Release|Any CPU.Build.0 = Release|Any CPU
	EndGlobalSection
	GlobalSection(SolutionProperties) = preSolution
		HideSolutionNode = FALSE
	EndGlobalSection
	GlobalSection(ExtensibilityGlobals) = postSolution
		SolutionGuid = {F32455AD-8C67-4B66-89D2-484D52D5BCBC}
	EndGlobalSection
EndGlobal
