
Microsoft Visual Studio Solution File, Format Version 12.00
# Visual Studio Version 17
VisualStudioVersion = 17.11.35303.130
MinimumVisualStudioVersion = 10.0.40219.1
Project("{FAE04EC0-301F-11D3-BF4B-00C04F79EFBC}") = "Week5InClassExercise", "Week5InClassExercise\Week5InClassExercise.csproj", "{D34BCA55-6704-4521-917F-48A7AE0D1DAA}"
EndProject
Global
	GlobalSection(SolutionConfigurationPlatforms) = preSolution
		Debug|Any CPU = Debug|Any CPU
		Release|Any CPU = Release|Any CPU
	EndGlobalSection
	GlobalSection(ProjectConfigurationPlatforms) = postSolution
		{D34BCA55-6704-4521-917F-48A7AE0D1DAA}.Debug|Any CPU.ActiveCfg = Debug|Any CPU
		{D34BCA55-6704-4521-917F-48A7AE0D1DAA}.Debug|Any CPU.Build.0 = Debug|Any CPU
		{D34BCA55-6704-4521-917F-48A7AE0D1DAA}.Release|Any CPU.ActiveCfg = Release|Any CPU
		{D34BCA55-6704-4521-917F-48A7AE0D1DAA}.Release|Any CPU.Build.0 = Release|Any CPU
	EndGlobalSection
	GlobalSection(SolutionProperties) = preSolution
		HideSolutionNode = FALSE
	EndGlobalSection
	GlobalSection(ExtensibilityGlobals) = postSolution
		SolutionGuid = {F1809B68-197F-4524-B66E-C110BE8BF6A0}
	EndGlobalSection
EndGlobal
