
Microsoft Visual Studio Solution File, Format Version 12.00
# Visual Studio Version 17
VisualStudioVersion = 17.11.35303.130
MinimumVisualStudioVersion = 10.0.40219.1
Project("{FAE04EC0-301F-11D3-BF4B-00C04F79EFBC}") = "Week9Exercise", "Week9Exercise\Week9Exercise.csproj", "{03E53DA7-F8A3-4DBF-9CD8-EE3E83415ACE}"
EndProject
Global
	GlobalSection(SolutionConfigurationPlatforms) = preSolution
		Debug|Any CPU = Debug|Any CPU
		Release|Any CPU = Release|Any CPU
	EndGlobalSection
	GlobalSection(ProjectConfigurationPlatforms) = postSolution
		{03E53DA7-F8A3-4DBF-9CD8-EE3E83415ACE}.Debug|Any CPU.ActiveCfg = Debug|Any CPU
		{03E53DA7-F8A3-4DBF-9CD8-EE3E83415ACE}.Debug|Any CPU.Build.0 = Debug|Any CPU
		{03E53DA7-F8A3-4DBF-9CD8-EE3E83415ACE}.Release|Any CPU.ActiveCfg = Release|Any CPU
		{03E53DA7-F8A3-4DBF-9CD8-EE3E83415ACE}.Release|Any CPU.Build.0 = Release|Any CPU
	EndGlobalSection
	GlobalSection(SolutionProperties) = preSolution
		HideSolutionNode = FALSE
	EndGlobalSection
	GlobalSection(ExtensibilityGlobals) = postSolution
		SolutionGuid = {E129CE1A-72BF-4227-A18C-38BCA4542125}
	EndGlobalSection
EndGlobal
