
Microsoft Visual Studio Solution File, Format Version 12.00
# Visual Studio Version 16
VisualStudioVersion = 16.0.30413.136
MinimumVisualStudioVersion = 10.0.40219.1
Project("{FAE04EC0-301F-11D3-BF4B-00C04F79EFBC}") = "HotelFormAppStart", "HotelFormAppStart\HotelFormAppStart.csproj", "{4697AF47-A64F-4613-AF68-AD39FCB729FB}"
EndProject
Global
	GlobalSection(SolutionConfigurationPlatforms) = preSolution
		Debug|Any CPU = Debug|Any CPU
		Release|Any CPU = Release|Any CPU
	EndGlobalSection
	GlobalSection(ProjectConfigurationPlatforms) = postSolution
		{4697AF47-A64F-4613-AF68-AD39FCB729FB}.Debug|Any CPU.ActiveCfg = Debug|Any CPU
		{4697AF47-A64F-4613-AF68-AD39FCB729FB}.Debug|Any CPU.Build.0 = Debug|Any CPU
		{4697AF47-A64F-4613-AF68-AD39FCB729FB}.Release|Any CPU.ActiveCfg = Release|Any CPU
		{4697AF47-A64F-4613-AF68-AD39FCB729FB}.Release|Any CPU.Build.0 = Release|Any CPU
	EndGlobalSection
	GlobalSection(SolutionProperties) = preSolution
		HideSolutionNode = FALSE
	EndGlobalSection
	GlobalSection(ExtensibilityGlobals) = postSolution
		SolutionGuid = {E9F01954-74F5-4EE8-AF58-0C1D4949DDEF}
	EndGlobalSection
EndGlobal
