
Microsoft Visual Studio Solution File, Format Version 12.00
# Visual Studio Version 17
VisualStudioVersion = 17.11.35303.130
MinimumVisualStudioVersion = 10.0.40219.1
Project("{FAE04EC0-301F-11D3-BF4B-00C04F79EFBC}") = "Numbers", "Numbers\Numbers.csproj", "{FF686E6D-560D-448C-80D9-EB345E82C40C}"
EndProject
Project("{FAE04EC0-301F-11D3-BF4B-00C04F79EFBC}") = "Cities", "Cities\Cities.csproj", "{EBF7F45C-03C6-46AC-9A7C-BF31F05BAE74}"
EndProject
Global
	GlobalSection(SolutionConfigurationPlatforms) = preSolution
		Debug|Any CPU = Debug|Any CPU
		Release|Any CPU = Release|Any CPU
	EndGlobalSection
	GlobalSection(ProjectConfigurationPlatforms) = postSolution
		{FF686E6D-560D-448C-80D9-EB345E82C40C}.Debug|Any CPU.ActiveCfg = Debug|Any CPU
		{FF686E6D-560D-448C-80D9-EB345E82C40C}.Debug|Any CPU.Build.0 = Debug|Any CPU
		{FF686E6D-560D-448C-80D9-EB345E82C40C}.Release|Any CPU.ActiveCfg = Release|Any CPU
		{FF686E6D-560D-448C-80D9-EB345E82C40C}.Release|Any CPU.Build.0 = Release|Any CPU
		{EBF7F45C-03C6-46AC-9A7C-BF31F05BAE74}.Debug|Any CPU.ActiveCfg = Debug|Any CPU
		{EBF7F45C-03C6-46AC-9A7C-BF31F05BAE74}.Debug|Any CPU.Build.0 = Debug|Any CPU
		{EBF7F45C-03C6-46AC-9A7C-BF31F05BAE74}.Release|Any CPU.ActiveCfg = Release|Any CPU
		{EBF7F45C-03C6-46AC-9A7C-BF31F05BAE74}.Release|Any CPU.Build.0 = Release|Any CPU
	EndGlobalSection
	GlobalSection(SolutionProperties) = preSolution
		HideSolutionNode = FALSE
	EndGlobalSection
	GlobalSection(ExtensibilityGlobals) = postSolution
		SolutionGuid = {6E92BB56-5295-448D-B9C3-09348F0BA269}
	EndGlobalSection
EndGlobal
